
Microsoft Visual Studio Solution File, Format Version 11.00
# Visual Studio 2010
Project("{8BC9CEB8-8B4A-11D0-8D11-00A0C91BC942}") = "3d", "3d.vcxproj", "{322B4D8A-0F35-49D0-9B0D-2B80E0EDDD43}"
EndProject
Project("{8BC9CEB8-8B4A-11D0-8D11-00A0C91BC942}") = "asyncio", "asyncio.vcxproj", "{8002E226-6AAF-4095-A170-09C7E132C7EB}"
EndProject
Project("{8BC9CEB8-8B4A-11D0-8D11-00A0C91BC942}") = "channel_groups", "channel_groups.vcxproj", "{33EFE793-00F1-439F-91FD-1AB905780C26}"
EndProject
Project("{8BC9CEB8-8B4A-11D0-8D11-00A0C91BC942}") = "convolution_reverb", "convolution_reverb.vcxproj", "{9F3CD195-100D-4B94-80CA-048CAC967258}"
EndProject
Project("{8BC9CEB8-8B4A-11D0-8D11-00A0C91BC942}") = "dsp_custom", "dsp_custom.vcxproj", "{14D614B7-17C1-462F-804A-4A95F7CD4849}"
EndProject
Project("{8BC9CEB8-8B4A-11D0-8D11-00A0C91BC942}") = "dsp_effect_per_speaker", "dsp_effect_per_speaker.vcxproj", "{0CBBCB70-A756-49C3-8D6D-01B3F061F2EA}"
EndProject
Project("{8BC9CEB8-8B4A-11D0-8D11-00A0C91BC942}") = "dsp_inspector", "dsp_inspector.vcxproj", "{6373F9C4-69B6-4171-9842-87937A3B43CB}"
EndProject
Project("{8BC9CEB8-8B4A-11D0-8D11-00A0C91BC942}") = "effects", "effects.vcxproj", "{9C668FFB-766E-44C9-946C-129D05564DCB}"
EndProject
Project("{8BC9CEB8-8B4A-11D0-8D11-00A0C91BC942}") = "gapless_playback", "gapless_playback.vcxproj", "{18F79DAB-5286-44A6-A750-06F8ACFD51CA}"
EndProject
Project("{8BC9CEB8-8B4A-11D0-8D11-00A0C91BC942}") = "generate_tone", "generate_tone.vcxproj", "{0D93C46C-EA1D-4DD2-ADD4-CA4553EE90A4}"
EndProject
Project("{8BC9CEB8-8B4A-11D0-8D11-00A0C91BC942}") = "granular_synth", "granular_synth.vcxproj", "{1DEBE9F3-D9F3-4938-8109-09FCEA6B6298}"
EndProject
Project("{8BC9CEB8-8B4A-11D0-8D11-00A0C91BC942}") = "load_from_memory", "load_from_memory.vcxproj", "{BCD09078-CF4E-4BC5-A9A2-F05F1931428B}"
EndProject
Project("{8BC9CEB8-8B4A-11D0-8D11-00A0C91BC942}") = "multiple_speaker", "multiple_speaker.vcxproj", "{8C62B959-6A37-48F2-A599-1EAFF6596BA4}"
EndProject
Project("{8BC9CEB8-8B4A-11D0-8D11-00A0C91BC942}") = "multiple_system", "multiple_system.vcxproj", "{A058A0A5-0460-4627-B1A9-D160812A0C21}"
EndProject
Project("{8BC9CEB8-8B4A-11D0-8D11-00A0C91BC942}") = "net_stream", "net_stream.vcxproj", "{C1245718-A1E1-480D-BC5F-7F92D4D81A7C}"
EndProject
Project("{8BC9CEB8-8B4A-11D0-8D11-00A0C91BC942}") = "play_sound", "play_sound.vcxproj", "{1E31AB20-CA25-44A1-8FE0-20BA6FD5CC26}"
EndProject
Project("{8BC9CEB8-8B4A-11D0-8D11-00A0C91BC942}") = "play_stream", "play_stream.vcxproj", "{9CA3C0B7-E2DF-45D5-82AD-F06C703272BB}"
EndProject
Project("{8BC9CEB8-8B4A-11D0-8D11-00A0C91BC942}") = "record", "record.vcxproj", "{E4E1A5BD-82D9-4E60-8DE6-F8D0141960BC}"
EndProject
Project("{8BC9CEB8-8B4A-11D0-8D11-00A0C91BC942}") = "user_created_sound", "user_created_sound.vcxproj", "{77EE668B-633F-4C60-A27A-60481B27F673}"
EndProject
Project("{8BC9CEB8-8B4A-11D0-8D11-00A0C91BC942}") = "fmod_codec_raw", "fmod_codec_raw.vcxproj", "{8C777BA0-1E9D-4CEC-A1BA-C3093855762E}"
EndProject
Project("{8BC9CEB8-8B4A-11D0-8D11-00A0C91BC942}") = "fmod_distance_filter", "fmod_distance_filter.vcxproj", "{33AC128E-DA55-4C9D-A261-81AA2A96F3F1}"
EndProject
Project("{8BC9CEB8-8B4A-11D0-8D11-00A0C91BC942}") = "fmod_gain", "fmod_gain.vcxproj", "{51913EBA-D29F-447E-8787-1338A7441AEB}"
EndProject
Project("{8BC9CEB8-8B4A-11D0-8D11-00A0C91BC942}") = "fmod_noise", "fmod_noise.vcxproj", "{11E0EE3A-BF9E-42D2-AFC0-3F84F018428C}"
EndProject
Global
	GlobalSection(SolutionConfigurationPlatforms) = preSolution
		Debug|Win32 = Debug|Win32
		Debug|x64 = Debug|x64
		Release|Win32 = Release|Win32
		Release|x64 = Release|x64
	EndGlobalSection
	GlobalSection(ProjectConfigurationPlatforms) = postSolution
		{322B4D8A-0F35-49D0-9B0D-2B80E0EDDD43}.Debug|Win32.ActiveCfg = Debug|Win32
		{322B4D8A-0F35-49D0-9B0D-2B80E0EDDD43}.Debug|Win32.Build.0 = Debug|Win32
		{322B4D8A-0F35-49D0-9B0D-2B80E0EDDD43}.Debug|Win32.Deploy.0 = Debug|Win32
		{322B4D8A-0F35-49D0-9B0D-2B80E0EDDD43}.Debug|x64.ActiveCfg = Debug|x64
		{322B4D8A-0F35-49D0-9B0D-2B80E0EDDD43}.Debug|x64.Build.0 = Debug|x64
		{322B4D8A-0F35-49D0-9B0D-2B80E0EDDD43}.Debug|x64.Deploy.0 = Debug|x64
		{322B4D8A-0F35-49D0-9B0D-2B80E0EDDD43}.Release|Win32.ActiveCfg = Release|Win32
		{322B4D8A-0F35-49D0-9B0D-2B80E0EDDD43}.Release|Win32.Build.0 = Release|Win32
		{322B4D8A-0F35-49D0-9B0D-2B80E0EDDD43}.Release|Win32.Deploy.0 = Release|Win32
		{322B4D8A-0F35-49D0-9B0D-2B80E0EDDD43}.Release|x64.ActiveCfg = Release|x64
		{322B4D8A-0F35-49D0-9B0D-2B80E0EDDD43}.Release|x64.Build.0 = Release|x64
		{322B4D8A-0F35-49D0-9B0D-2B80E0EDDD43}.Release|x64.Deploy.0 = Release|x64
		{8002E226-6AAF-4095-A170-09C7E132C7EB}.Debug|Win32.ActiveCfg = Debug|Win32
		{8002E226-6AAF-4095-A170-09C7E132C7EB}.Debug|Win32.Build.0 = Debug|Win32
		{8002E226-6AAF-4095-A170-09C7E132C7EB}.Debug|Win32.Deploy.0 = Debug|Win32
		{8002E226-6AAF-4095-A170-09C7E132C7EB}.Debug|x64.ActiveCfg = Debug|x64
		{8002E226-6AAF-4095-A170-09C7E132C7EB}.Debug|x64.Build.0 = Debug|x64
		{8002E226-6AAF-4095-A170-09C7E132C7EB}.Debug|x64.Deploy.0 = Debug|x64
		{8002E226-6AAF-4095-A170-09C7E132C7EB}.Release|Win32.ActiveCfg = Release|Win32
		{8002E226-6AAF-4095-A170-09C7E132C7EB}.Release|Win32.Build.0 = Release|Win32
		{8002E226-6AAF-4095-A170-09C7E132C7EB}.Release|Win32.Deploy.0 = Release|Win32
		{8002E226-6AAF-4095-A170-09C7E132C7EB}.Release|x64.ActiveCfg = Release|x64
		{8002E226-6AAF-4095-A170-09C7E132C7EB}.Release|x64.Build.0 = Release|x64
		{8002E226-6AAF-4095-A170-09C7E132C7EB}.Release|x64.Deploy.0 = Release|x64
		{33EFE793-00F1-439F-91FD-1AB905780C26}.Debug|Win32.ActiveCfg = Debug|Win32
		{33EFE793-00F1-439F-91FD-1AB905780C26}.Debug|Win32.Build.0 = Debug|Win32
		{33EFE793-00F1-439F-91FD-1AB905780C26}.Debug|Win32.Deploy.0 = Debug|Win32
		{33EFE793-00F1-439F-91FD-1AB905780C26}.Debug|x64.ActiveCfg = Debug|x64
		{33EFE793-00F1-439F-91FD-1AB905780C26}.Debug|x64.Build.0 = Debug|x64
		{33EFE793-00F1-439F-91FD-1AB905780C26}.Debug|x64.Deploy.0 = Debug|x64
		{33EFE793-00F1-439F-91FD-1AB905780C26}.Release|Win32.ActiveCfg = Release|Win32
		{33EFE793-00F1-439F-91FD-1AB905780C26}.Release|Win32.Build.0 = Release|Win32
		{33EFE793-00F1-439F-91FD-1AB905780C26}.Release|Win32.Deploy.0 = Release|Win32
		{33EFE793-00F1-439F-91FD-1AB905780C26}.Release|x64.ActiveCfg = Release|x64
		{33EFE793-00F1-439F-91FD-1AB905780C26}.Release|x64.Build.0 = Release|x64
		{33EFE793-00F1-439F-91FD-1AB905780C26}.Release|x64.Deploy.0 = Release|x64
		{9F3CD195-100D-4B94-80CA-048CAC967258}.Debug|Win32.ActiveCfg = Debug|Win32
		{9F3CD195-100D-4B94-80CA-048CAC967258}.Debug|Win32.Build.0 = Debug|Win32
		{9F3CD195-100D-4B94-80CA-048CAC967258}.Debug|Win32.Deploy.0 = Debug|Win32
		{9F3CD195-100D-4B94-80CA-048CAC967258}.Debug|x64.ActiveCfg = Debug|x64
		{9F3CD195-100D-4B94-80CA-048CAC967258}.Debug|x64.Build.0 = Debug|x64
		{9F3CD195-100D-4B94-80CA-048CAC967258}.Debug|x64.Deploy.0 = Debug|x64
		{9F3CD195-100D-4B94-80CA-048CAC967258}.Release|Win32.ActiveCfg = Release|Win32
		{9F3CD195-100D-4B94-80CA-048CAC967258}.Release|Win32.Build.0 = Release|Win32
		{9F3CD195-100D-4B94-80CA-048CAC967258}.Release|Win32.Deploy.0 = Release|Win32
		{9F3CD195-100D-4B94-80CA-048CAC967258}.Release|x64.ActiveCfg = Release|x64
		{9F3CD195-100D-4B94-80CA-048CAC967258}.Release|x64.Build.0 = Release|x64
		{9F3CD195-100D-4B94-80CA-048CAC967258}.Release|x64.Deploy.0 = Release|x64
		{14D614B7-17C1-462F-804A-4A95F7CD4849}.Debug|Win32.ActiveCfg = Debug|Win32
		{14D614B7-17C1-462F-804A-4A95F7CD4849}.Debug|Win32.Build.0 = Debug|Win32
		{14D614B7-17C1-462F-804A-4A95F7CD4849}.Debug|Win32.Deploy.0 = Debug|Win32
		{14D614B7-17C1-462F-804A-4A95F7CD4849}.Debug|x64.ActiveCfg = Debug|x64
		{14D614B7-17C1-462F-804A-4A95F7CD4849}.Debug|x64.Build.0 = Debug|x64
		{14D614B7-17C1-462F-804A-4A95F7CD4849}.Debug|x64.Deploy.0 = Debug|x64
		{14D614B7-17C1-462F-804A-4A95F7CD4849}.Release|Win32.ActiveCfg = Release|Win32
		{14D614B7-17C1-462F-804A-4A95F7CD4849}.Release|Win32.Build.0 = Release|Win32
		{14D614B7-17C1-462F-804A-4A95F7CD4849}.Release|Win32.Deploy.0 = Release|Win32
		{14D614B7-17C1-462F-804A-4A95F7CD4849}.Release|x64.ActiveCfg = Release|x64
		{14D614B7-17C1-462F-804A-4A95F7CD4849}.Release|x64.Build.0 = Release|x64
		{14D614B7-17C1-462F-804A-4A95F7CD4849}.Release|x64.Deploy.0 = Release|x64
		{0CBBCB70-A756-49C3-8D6D-01B3F061F2EA}.Debug|Win32.ActiveCfg = Debug|Win32
		{0CBBCB70-A756-49C3-8D6D-01B3F061F2EA}.Debug|Win32.Build.0 = Debug|Win32
		{0CBBCB70-A756-49C3-8D6D-01B3F061F2EA}.Debug|Win32.Deploy.0 = Debug|Win32
		{0CBBCB70-A756-49C3-8D6D-01B3F061F2EA}.Debug|x64.ActiveCfg = Debug|x64
		{0CBBCB70-A756-49C3-8D6D-01B3F061F2EA}.Debug|x64.Build.0 = Debug|x64
		{0CBBCB70-A756-49C3-8D6D-01B3F061F2EA}.Debug|x64.Deploy.0 = Debug|x64
		{0CBBCB70-A756-49C3-8D6D-01B3F061F2EA}.Release|Win32.ActiveCfg = Release|Win32
		{0CBBCB70-A756-49C3-8D6D-01B3F061F2EA}.Release|Win32.Build.0 = Release|Win32
		{0CBBCB70-A756-49C3-8D6D-01B3F061F2EA}.Release|Win32.Deploy.0 = Release|Win32
		{0CBBCB70-A756-49C3-8D6D-01B3F061F2EA}.Release|x64.ActiveCfg = Release|x64
		{0CBBCB70-A756-49C3-8D6D-01B3F061F2EA}.Release|x64.Build.0 = Release|x64
		{0CBBCB70-A756-49C3-8D6D-01B3F061F2EA}.Release|x64.Deploy.0 = Release|x64
		{6373F9C4-69B6-4171-9842-87937A3B43CB}.Debug|Win32.ActiveCfg = Debug|Win32
		{6373F9C4-69B6-4171-9842-87937A3B43CB}.Debug|Win32.Build.0 = Debug|Win32
		{6373F9C4-69B6-4171-9842-87937A3B43CB}.Debug|Win32.Deploy.0 = Debug|Win32
		{6373F9C4-69B6-4171-9842-87937A3B43CB}.Debug|x64.ActiveCfg = Debug|x64
		{6373F9C4-69B6-4171-9842-87937A3B43CB}.Debug|x64.Build.0 = Debug|x64
		{6373F9C4-69B6-4171-9842-87937A3B43CB}.Debug|x64.Deploy.0 = Debug|x64
		{6373F9C4-69B6-4171-9842-87937A3B43CB}.Release|Win32.ActiveCfg = Release|Win32
		{6373F9C4-69B6-4171-9842-87937A3B43CB}.Release|Win32.Build.0 = Release|Win32
		{6373F9C4-69B6-4171-9842-87937A3B43CB}.Release|Win32.Deploy.0 = Release|Win32
		{6373F9C4-69B6-4171-9842-87937A3B43CB}.Release|x64.ActiveCfg = Release|x64
		{6373F9C4-69B6-4171-9842-87937A3B43CB}.Release|x64.Build.0 = Release|x64
		{6373F9C4-69B6-4171-9842-87937A3B43CB}.Release|x64.Deploy.0 = Release|x64
		{9C668FFB-766E-44C9-946C-129D05564DCB}.Debug|Win32.ActiveCfg = Debug|Win32
		{9C668FFB-766E-44C9-946C-129D05564DCB}.Debug|Win32.Build.0 = Debug|Win32
		{9C668FFB-766E-44C9-946C-129D05564DCB}.Debug|Win32.Deploy.0 = Debug|Win32
		{9C668FFB-766E-44C9-946C-129D05564DCB}.Debug|x64.ActiveCfg = Debug|x64
		{9C668FFB-766E-44C9-946C-129D05564DCB}.Debug|x64.Build.0 = Debug|x64
		{9C668FFB-766E-44C9-946C-129D05564DCB}.Debug|x64.Deploy.0 = Debug|x64
		{9C668FFB-766E-44C9-946C-129D05564DCB}.Release|Win32.ActiveCfg = Release|Win32
		{9C668FFB-766E-44C9-946C-129D05564DCB}.Release|Win32.Build.0 = Release|Win32
		{9C668FFB-766E-44C9-946C-129D05564DCB}.Release|Win32.Deploy.0 = Release|Win32
		{9C668FFB-766E-44C9-946C-129D05564DCB}.Release|x64.ActiveCfg = Release|x64
		{9C668FFB-766E-44C9-946C-129D05564DCB}.Release|x64.Build.0 = Release|x64
		{9C668FFB-766E-44C9-946C-129D05564DCB}.Release|x64.Deploy.0 = Release|x64
		{18F79DAB-5286-44A6-A750-06F8ACFD51CA}.Debug|Win32.ActiveCfg = Debug|Win32
		{18F79DAB-5286-44A6-A750-06F8ACFD51CA}.Debug|Win32.Build.0 = Debug|Win32
		{18F79DAB-5286-44A6-A750-06F8ACFD51CA}.Debug|Win32.Deploy.0 = Debug|Win32
		{18F79DAB-5286-44A6-A750-06F8ACFD51CA}.Debug|x64.ActiveCfg = Debug|x64
		{18F79DAB-5286-44A6-A750-06F8ACFD51CA}.Debug|x64.Build.0 = Debug|x64
		{18F79DAB-5286-44A6-A750-06F8ACFD51CA}.Debug|x64.Deploy.0 = Debug|x64
		{18F79DAB-5286-44A6-A750-06F8ACFD51CA}.Release|Win32.ActiveCfg = Release|Win32
		{18F79DAB-5286-44A6-A750-06F8ACFD51CA}.Release|Win32.Build.0 = Release|Win32
		{18F79DAB-5286-44A6-A750-06F8ACFD51CA}.Release|Win32.Deploy.0 = Release|Win32
		{18F79DAB-5286-44A6-A750-06F8ACFD51CA}.Release|x64.ActiveCfg = Release|x64
		{18F79DAB-5286-44A6-A750-06F8ACFD51CA}.Release|x64.Build.0 = Release|x64
		{18F79DAB-5286-44A6-A750-06F8ACFD51CA}.Release|x64.Deploy.0 = Release|x64
		{0D93C46C-EA1D-4DD2-ADD4-CA4553EE90A4}.Debug|Win32.ActiveCfg = Debug|Win32
		{0D93C46C-EA1D-4DD2-ADD4-CA4553EE90A4}.Debug|Win32.Build.0 = Debug|Win32
		{0D93C46C-EA1D-4DD2-ADD4-CA4553EE90A4}.Debug|Win32.Deploy.0 = Debug|Win32
		{0D93C46C-EA1D-4DD2-ADD4-CA4553EE90A4}.Debug|x64.ActiveCfg = Debug|x64
		{0D93C46C-EA1D-4DD2-ADD4-CA4553EE90A4}.Debug|x64.Build.0 = Debug|x64
		{0D93C46C-EA1D-4DD2-ADD4-CA4553EE90A4}.Debug|x64.Deploy.0 = Debug|x64
		{0D93C46C-EA1D-4DD2-ADD4-CA4553EE90A4}.Release|Win32.ActiveCfg = Release|Win32
		{0D93C46C-EA1D-4DD2-ADD4-CA4553EE90A4}.Release|Win32.Build.0 = Release|Win32
		{0D93C46C-EA1D-4DD2-ADD4-CA4553EE90A4}.Release|Win32.Deploy.0 = Release|Win32
		{0D93C46C-EA1D-4DD2-ADD4-CA4553EE90A4}.Release|x64.ActiveCfg = Release|x64
		{0D93C46C-EA1D-4DD2-ADD4-CA4553EE90A4}.Release|x64.Build.0 = Release|x64
		{0D93C46C-EA1D-4DD2-ADD4-CA4553EE90A4}.Release|x64.Deploy.0 = Release|x64
		{1DEBE9F3-D9F3-4938-8109-09FCEA6B6298}.Debug|Win32.ActiveCfg = Debug|Win32
		{1DEBE9F3-D9F3-4938-8109-09FCEA6B6298}.Debug|Win32.Build.0 = Debug|Win32
		{1DEBE9F3-D9F3-4938-8109-09FCEA6B6298}.Debug|Win32.Deploy.0 = Debug|Win32
		{1DEBE9F3-D9F3-4938-8109-09FCEA6B6298}.Debug|x64.ActiveCfg = Debug|x64
		{1DEBE9F3-D9F3-4938-8109-09FCEA6B6298}.Debug|x64.Build.0 = Debug|x64
		{1DEBE9F3-D9F3-4938-8109-09FCEA6B6298}.Debug|x64.Deploy.0 = Debug|x64
		{1DEBE9F3-D9F3-4938-8109-09FCEA6B6298}.Release|Win32.ActiveCfg = Release|Win32
		{1DEBE9F3-D9F3-4938-8109-09FCEA6B6298}.Release|Win32.Build.0 = Release|Win32
		{1DEBE9F3-D9F3-4938-8109-09FCEA6B6298}.Release|Win32.Deploy.0 = Release|Win32
		{1DEBE9F3-D9F3-4938-8109-09FCEA6B6298}.Release|x64.ActiveCfg = Release|x64
		{1DEBE9F3-D9F3-4938-8109-09FCEA6B6298}.Release|x64.Build.0 = Release|x64
		{1DEBE9F3-D9F3-4938-8109-09FCEA6B6298}.Release|x64.Deploy.0 = Release|x64
		{BCD09078-CF4E-4BC5-A9A2-F05F1931428B}.Debug|Win32.ActiveCfg = Debug|Win32
		{BCD09078-CF4E-4BC5-A9A2-F05F1931428B}.Debug|Win32.Build.0 = Debug|Win32
		{BCD09078-CF4E-4BC5-A9A2-F05F1931428B}.Debug|Win32.Deploy.0 = Debug|Win32
		{BCD09078-CF4E-4BC5-A9A2-F05F1931428B}.Debug|x64.ActiveCfg = Debug|x64
		{BCD09078-CF4E-4BC5-A9A2-F05F1931428B}.Debug|x64.Build.0 = Debug|x64
		{BCD09078-CF4E-4BC5-A9A2-F05F1931428B}.Debug|x64.Deploy.0 = Debug|x64
		{BCD09078-CF4E-4BC5-A9A2-F05F1931428B}.Release|Win32.ActiveCfg = Release|Win32
		{BCD09078-CF4E-4BC5-A9A2-F05F1931428B}.Release|Win32.Build.0 = Release|Win32
		{BCD09078-CF4E-4BC5-A9A2-F05F1931428B}.Release|Win32.Deploy.0 = Release|Win32
		{BCD09078-CF4E-4BC5-A9A2-F05F1931428B}.Release|x64.ActiveCfg = Release|x64
		{BCD09078-CF4E-4BC5-A9A2-F05F1931428B}.Release|x64.Build.0 = Release|x64
		{BCD09078-CF4E-4BC5-A9A2-F05F1931428B}.Release|x64.Deploy.0 = Release|x64
		{8C62B959-6A37-48F2-A599-1EAFF6596BA4}.Debug|Win32.ActiveCfg = Debug|Win32
		{8C62B959-6A37-48F2-A599-1EAFF6596BA4}.Debug|Win32.Build.0 = Debug|Win32
		{8C62B959-6A37-48F2-A599-1EAFF6596BA4}.Debug|Win32.Deploy.0 = Debug|Win32
		{8C62B959-6A37-48F2-A599-1EAFF6596BA4}.Debug|x64.ActiveCfg = Debug|x64
		{8C62B959-6A37-48F2-A599-1EAFF6596BA4}.Debug|x64.Build.0 = Debug|x64
		{8C62B959-6A37-48F2-A599-1EAFF6596BA4}.Debug|x64.Deploy.0 = Debug|x64
		{8C62B959-6A37-48F2-A599-1EAFF6596BA4}.Release|Win32.ActiveCfg = Release|Win32
		{8C62B959-6A37-48F2-A599-1EAFF6596BA4}.Release|Win32.Build.0 = Release|Win32
		{8C62B959-6A37-48F2-A599-1EAFF6596BA4}.Release|Win32.Deploy.0 = Release|Win32
		{8C62B959-6A37-48F2-A599-1EAFF6596BA4}.Release|x64.ActiveCfg = Release|x64
		{8C62B959-6A37-48F2-A599-1EAFF6596BA4}.Release|x64.Build.0 = Release|x64
		{8C62B959-6A37-48F2-A599-1EAFF6596BA4}.Release|x64.Deploy.0 = Release|x64
		{A058A0A5-0460-4627-B1A9-D160812A0C21}.Debug|Win32.ActiveCfg = Debug|Win32
		{A058A0A5-0460-4627-B1A9-D160812A0C21}.Debug|Win32.Build.0 = Debug|Win32
		{A058A0A5-0460-4627-B1A9-D160812A0C21}.Debug|Win32.Deploy.0 = Debug|Win32
		{A058A0A5-0460-4627-B1A9-D160812A0C21}.Debug|x64.ActiveCfg = Debug|x64
		{A058A0A5-0460-4627-B1A9-D160812A0C21}.Debug|x64.Build.0 = Debug|x64
		{A058A0A5-0460-4627-B1A9-D160812A0C21}.Debug|x64.Deploy.0 = Debug|x64
		{A058A0A5-0460-4627-B1A9-D160812A0C21}.Release|Win32.ActiveCfg = Release|Win32
		{A058A0A5-0460-4627-B1A9-D160812A0C21}.Release|Win32.Build.0 = Release|Win32
		{A058A0A5-0460-4627-B1A9-D160812A0C21}.Release|Win32.Deploy.0 = Release|Win32
		{A058A0A5-0460-4627-B1A9-D160812A0C21}.Release|x64.ActiveCfg = Release|x64
		{A058A0A5-0460-4627-B1A9-D160812A0C21}.Release|x64.Build.0 = Release|x64
		{A058A0A5-0460-4627-B1A9-D160812A0C21}.Release|x64.Deploy.0 = Release|x64
		{C1245718-A1E1-480D-BC5F-7F92D4D81A7C}.Debug|Win32.ActiveCfg = Debug|Win32
		{C1245718-A1E1-480D-BC5F-7F92D4D81A7C}.Debug|Win32.Build.0 = Debug|Win32
		{C1245718-A1E1-480D-BC5F-7F92D4D81A7C}.Debug|Win32.Deploy.0 = Debug|Win32
		{C1245718-A1E1-480D-BC5F-7F92D4D81A7C}.Debug|x64.ActiveCfg = Debug|x64
		{C1245718-A1E1-480D-BC5F-7F92D4D81A7C}.Debug|x64.Build.0 = Debug|x64
		{C1245718-A1E1-480D-BC5F-7F92D4D81A7C}.Debug|x64.Deploy.0 = Debug|x64
		{C1245718-A1E1-480D-BC5F-7F92D4D81A7C}.Release|Win32.ActiveCfg = Release|Win32
		{C1245718-A1E1-480D-BC5F-7F92D4D81A7C}.Release|Win32.Build.0 = Release|Win32
		{C1245718-A1E1-480D-BC5F-7F92D4D81A7C}.Release|Win32.Deploy.0 = Release|Win32
		{C1245718-A1E1-480D-BC5F-7F92D4D81A7C}.Release|x64.ActiveCfg = Release|x64
		{C1245718-A1E1-480D-BC5F-7F92D4D81A7C}.Release|x64.Build.0 = Release|x64
		{C1245718-A1E1-480D-BC5F-7F92D4D81A7C}.Release|x64.Deploy.0 = Release|x64
		{1E31AB20-CA25-44A1-8FE0-20BA6FD5CC26}.Debug|Win32.ActiveCfg = Debug|Win32
		{1E31AB20-CA25-44A1-8FE0-20BA6FD5CC26}.Debug|Win32.Build.0 = Debug|Win32
		{1E31AB20-CA25-44A1-8FE0-20BA6FD5CC26}.Debug|Win32.Deploy.0 = Debug|Win32
		{1E31AB20-CA25-44A1-8FE0-20BA6FD5CC26}.Debug|x64.ActiveCfg = Debug|x64
		{1E31AB20-CA25-44A1-8FE0-20BA6FD5CC26}.Debug|x64.Build.0 = Debug|x64
		{1E31AB20-CA25-44A1-8FE0-20BA6FD5CC26}.Debug|x64.Deploy.0 = Debug|x64
		{1E31AB20-CA25-44A1-8FE0-20BA6FD5CC26}.Release|Win32.ActiveCfg = Release|Win32
		{1E31AB20-CA25-44A1-8FE0-20BA6FD5CC26}.Release|Win32.Build.0 = Release|Win32
		{1E31AB20-CA25-44A1-8FE0-20BA6FD5CC26}.Release|Win32.Deploy.0 = Release|Win32
		{1E31AB20-CA25-44A1-8FE0-20BA6FD5CC26}.Release|x64.ActiveCfg = Release|x64
		{1E31AB20-CA25-44A1-8FE0-20BA6FD5CC26}.Release|x64.Build.0 = Release|x64
		{1E31AB20-CA25-44A1-8FE0-20BA6FD5CC26}.Release|x64.Deploy.0 = Release|x64
		{9CA3C0B7-E2DF-45D5-82AD-F06C703272BB}.Debug|Win32.ActiveCfg = Debug|Win32
		{9CA3C0B7-E2DF-45D5-82AD-F06C703272BB}.Debug|Win32.Build.0 = Debug|Win32
		{9CA3C0B7-E2DF-45D5-82AD-F06C703272BB}.Debug|Win32.Deploy.0 = Debug|Win32
		{9CA3C0B7-E2DF-45D5-82AD-F06C703272BB}.Debug|x64.ActiveCfg = Debug|x64
		{9CA3C0B7-E2DF-45D5-82AD-F06C703272BB}.Debug|x64.Build.0 = Debug|x64
		{9CA3C0B7-E2DF-45D5-82AD-F06C703272BB}.Debug|x64.Deploy.0 = Debug|x64
		{9CA3C0B7-E2DF-45D5-82AD-F06C703272BB}.Release|Win32.ActiveCfg = Release|Win32
		{9CA3C0B7-E2DF-45D5-82AD-F06C703272BB}.Release|Win32.Build.0 = Release|Win32
		{9CA3C0B7-E2DF-45D5-82AD-F06C703272BB}.Release|Win32.Deploy.0 = Release|Win32
		{9CA3C0B7-E2DF-45D5-82AD-F06C703272BB}.Release|x64.ActiveCfg = Release|x64
		{9CA3C0B7-E2DF-45D5-82AD-F06C703272BB}.Release|x64.Build.0 = Release|x64
		{9CA3C0B7-E2DF-45D5-82AD-F06C703272BB}.Release|x64.Deploy.0 = Release|x64
		{E4E1A5BD-82D9-4E60-8DE6-F8D0141960BC}.Debug|Win32.ActiveCfg = Debug|Win32
		{E4E1A5BD-82D9-4E60-8DE6-F8D0141960BC}.Debug|Win32.Build.0 = Debug|Win32
		{E4E1A5BD-82D9-4E60-8DE6-F8D0141960BC}.Debug|Win32.Deploy.0 = Debug|Win32
		{E4E1A5BD-82D9-4E60-8DE6-F8D0141960BC}.Debug|x64.ActiveCfg = Debug|x64
		{E4E1A5BD-82D9-4E60-8DE6-F8D0141960BC}.Debug|x64.Build.0 = Debug|x64
		{E4E1A5BD-82D9-4E60-8DE6-F8D0141960BC}.Debug|x64.Deploy.0 = Debug|x64
		{E4E1A5BD-82D9-4E60-8DE6-F8D0141960BC}.Release|Win32.ActiveCfg = Release|Win32
		{E4E1A5BD-82D9-4E60-8DE6-F8D0141960BC}.Release|Win32.Build.0 = Release|Win32
		{E4E1A5BD-82D9-4E60-8DE6-F8D0141960BC}.Release|Win32.Deploy.0 = Release|Win32
		{E4E1A5BD-82D9-4E60-8DE6-F8D0141960BC}.Release|x64.ActiveCfg = Release|x64
		{E4E1A5BD-82D9-4E60-8DE6-F8D0141960BC}.Release|x64.Build.0 = Release|x64
		{E4E1A5BD-82D9-4E60-8DE6-F8D0141960BC}.Release|x64.Deploy.0 = Release|x64
		{77EE668B-633F-4C60-A27A-60481B27F673}.Debug|Win32.ActiveCfg = Debug|Win32
		{77EE668B-633F-4C60-A27A-60481B27F673}.Debug|Win32.Build.0 = Debug|Win32
		{77EE668B-633F-4C60-A27A-60481B27F673}.Debug|Win32.Deploy.0 = Debug|Win32
		{77EE668B-633F-4C60-A27A-60481B27F673}.Debug|x64.ActiveCfg = Debug|x64
		{77EE668B-633F-4C60-A27A-60481B27F673}.Debug|x64.Build.0 = Debug|x64
		{77EE668B-633F-4C60-A27A-60481B27F673}.Debug|x64.Deploy.0 = Debug|x64
		{77EE668B-633F-4C60-A27A-60481B27F673}.Release|Win32.ActiveCfg = Release|Win32
		{77EE668B-633F-4C60-A27A-60481B27F673}.Release|Win32.Build.0 = Release|Win32
		{77EE668B-633F-4C60-A27A-60481B27F673}.Release|Win32.Deploy.0 = Release|Win32
		{77EE668B-633F-4C60-A27A-60481B27F673}.Release|x64.ActiveCfg = Release|x64
		{77EE668B-633F-4C60-A27A-60481B27F673}.Release|x64.Build.0 = Release|x64
		{77EE668B-633F-4C60-A27A-60481B27F673}.Release|x64.Deploy.0 = Release|x64
		{8C777BA0-1E9D-4CEC-A1BA-C3093855762E}.Debug|Win32.ActiveCfg = Debug|Win32
		{8C777BA0-1E9D-4CEC-A1BA-C3093855762E}.Debug|Win32.Build.0 = Debug|Win32
		{8C777BA0-1E9D-4CEC-A1BA-C3093855762E}.Debug|Win32.Deploy.0 = Debug|Win32
		{8C777BA0-1E9D-4CEC-A1BA-C3093855762E}.Debug|x64.ActiveCfg = Debug|x64
		{8C777BA0-1E9D-4CEC-A1BA-C3093855762E}.Debug|x64.Build.0 = Debug|x64
		{8C777BA0-1E9D-4CEC-A1BA-C3093855762E}.Debug|x64.Deploy.0 = Debug|x64
		{8C777BA0-1E9D-4CEC-A1BA-C3093855762E}.Release|Win32.ActiveCfg = Release|Win32
		{8C777BA0-1E9D-4CEC-A1BA-C3093855762E}.Release|Win32.Build.0 = Release|Win32
		{8C777BA0-1E9D-4CEC-A1BA-C3093855762E}.Release|Win32.Deploy.0 = Release|Win32
		{8C777BA0-1E9D-4CEC-A1BA-C3093855762E}.Release|x64.ActiveCfg = Release|x64
		{8C777BA0-1E9D-4CEC-A1BA-C3093855762E}.Release|x64.Build.0 = Release|x64
		{8C777BA0-1E9D-4CEC-A1BA-C3093855762E}.Release|x64.Deploy.0 = Release|x64
		{33AC128E-DA55-4C9D-A261-81AA2A96F3F1}.Debug|Win32.ActiveCfg = Debug|Win32
		{33AC128E-DA55-4C9D-A261-81AA2A96F3F1}.Debug|Win32.Build.0 = Debug|Win32
		{33AC128E-DA55-4C9D-A261-81AA2A96F3F1}.Debug|Win32.Deploy.0 = Debug|Win32
		{33AC128E-DA55-4C9D-A261-81AA2A96F3F1}.Debug|x64.ActiveCfg = Debug|x64
		{33AC128E-DA55-4C9D-A261-81AA2A96F3F1}.Debug|x64.Build.0 = Debug|x64
		{33AC128E-DA55-4C9D-A261-81AA2A96F3F1}.Debug|x64.Deploy.0 = Debug|x64
		{33AC128E-DA55-4C9D-A261-81AA2A96F3F1}.Release|Win32.ActiveCfg = Release|Win32
		{33AC128E-DA55-4C9D-A261-81AA2A96F3F1}.Release|Win32.Build.0 = Release|Win32
		{33AC128E-DA55-4C9D-A261-81AA2A96F3F1}.Release|Win32.Deploy.0 = Release|Win32
		{33AC128E-DA55-4C9D-A261-81AA2A96F3F1}.Release|x64.ActiveCfg = Release|x64
		{33AC128E-DA55-4C9D-A261-81AA2A96F3F1}.Release|x64.Build.0 = Release|x64
		{33AC128E-DA55-4C9D-A261-81AA2A96F3F1}.Release|x64.Deploy.0 = Release|x64
		{51913EBA-D29F-447E-8787-1338A7441AEB}.Debug|Win32.ActiveCfg = Debug|Win32
		{51913EBA-D29F-447E-8787-1338A7441AEB}.Debug|Win32.Build.0 = Debug|Win32
		{51913EBA-D29F-447E-8787-1338A7441AEB}.Debug|Win32.Deploy.0 = Debug|Win32
		{51913EBA-D29F-447E-8787-1338A7441AEB}.Debug|x64.ActiveCfg = Debug|x64
		{51913EBA-D29F-447E-8787-1338A7441AEB}.Debug|x64.Build.0 = Debug|x64
		{51913EBA-D29F-447E-8787-1338A7441AEB}.Debug|x64.Deploy.0 = Debug|x64
		{51913EBA-D29F-447E-8787-1338A7441AEB}.Release|Win32.ActiveCfg = Release|Win32
		{51913EBA-D29F-447E-8787-1338A7441AEB}.Release|Win32.Build.0 = Release|Win32
		{51913EBA-D29F-447E-8787-1338A7441AEB}.Release|Win32.Deploy.0 = Release|Win32
		{51913EBA-D29F-447E-8787-1338A7441AEB}.Release|x64.ActiveCfg = Release|x64
		{51913EBA-D29F-447E-8787-1338A7441AEB}.Release|x64.Build.0 = Release|x64
		{51913EBA-D29F-447E-8787-1338A7441AEB}.Release|x64.Deploy.0 = Release|x64
		{11E0EE3A-BF9E-42D2-AFC0-3F84F018428C}.Debug|Win32.ActiveCfg = Debug|Win32
		{11E0EE3A-BF9E-42D2-AFC0-3F84F018428C}.Debug|Win32.Build.0 = Debug|Win32
		{11E0EE3A-BF9E-42D2-AFC0-3F84F018428C}.Debug|Win32.Deploy.0 = Debug|Win32
		{11E0EE3A-BF9E-42D2-AFC0-3F84F018428C}.Debug|x64.ActiveCfg = Debug|x64
		{11E0EE3A-BF9E-42D2-AFC0-3F84F018428C}.Debug|x64.Build.0 = Debug|x64
		{11E0EE3A-BF9E-42D2-AFC0-3F84F018428C}.Debug|x64.Deploy.0 = Debug|x64
		{11E0EE3A-BF9E-42D2-AFC0-3F84F018428C}.Release|Win32.ActiveCfg = Release|Win32
		{11E0EE3A-BF9E-42D2-AFC0-3F84F018428C}.Release|Win32.Build.0 = Release|Win32
		{11E0EE3A-BF9E-42D2-AFC0-3F84F018428C}.Release|Win32.Deploy.0 = Release|Win32
		{11E0EE3A-BF9E-42D2-AFC0-3F84F018428C}.Release|x64.ActiveCfg = Release|x64
		{11E0EE3A-BF9E-42D2-AFC0-3F84F018428C}.Release|x64.Build.0 = Release|x64
		{11E0EE3A-BF9E-42D2-AFC0-3F84F018428C}.Release|x64.Deploy.0 = Release|x64
	EndGlobalSection
	GlobalSection(SolutionProperties) = preSolution
		HideSolutionNode = FALSE
	EndGlobalSection
EndGlobal
